
Microsoft Visual Studio Solution File, Format Version 12.00
# Visual Studio Version 17
VisualStudioVersion = 17.5.33530.505
MinimumVisualStudioVersion = 10.0.40219.1
Project("{FAE04EC0-301F-11D3-BF4B-00C04F79EFBC}") = "MagazinArticoleVestimentare", "MagazinArticoleVestimentare\MagazinArticoleVestimentare.csproj", "{718B663A-C414-4584-B9DA-AB42EC07FB8B}"
EndProject
Global
	GlobalSection(SolutionConfigurationPlatforms) = preSolution
		Debug|Any CPU = Debug|Any CPU
		Release|Any CPU = Release|Any CPU
	EndGlobalSection
	GlobalSection(ProjectConfigurationPlatforms) = postSolution
		{718B663A-C414-4584-B9DA-AB42EC07FB8B}.Debug|Any CPU.ActiveCfg = Debug|Any CPU
		{718B663A-C414-4584-B9DA-AB42EC07FB8B}.Debug|Any CPU.Build.0 = Debug|Any CPU
		{718B663A-C414-4584-B9DA-AB42EC07FB8B}.Release|Any CPU.ActiveCfg = Release|Any CPU
		{718B663A-C414-4584-B9DA-AB42EC07FB8B}.Release|Any CPU.Build.0 = Release|Any CPU
	EndGlobalSection
	GlobalSection(SolutionProperties) = preSolution
		HideSolutionNode = FALSE
	EndGlobalSection
	GlobalSection(ExtensibilityGlobals) = postSolution
		SolutionGuid = {3F955323-BA93-493E-BC90-861DDC3E2ED4}
	EndGlobalSection
EndGlobal
